
Microsoft Visual Studio Solution File, Format Version 12.00
# Visual Studio 15
VisualStudioVersion = 15.0.27130.2036
MinimumVisualStudioVersion = 10.0.40219.1
Project("{2150E333-8FDC-42A3-9474-1A3956D46DE8}") = "src", "src", "{95394AEA-085A-4A55-B4CA-3C1C07D9B787}"
EndProject
Project("{9A19103F-16F7-4668-BE54-9A1E7A4F7556}") = "CookieSample", "src\CookieSample\CookieSample.csproj", "{3AC19A59-DDBD-4B2B-B97D-8A287CCC3176}"
EndProject
Project("{9A19103F-16F7-4668-BE54-9A1E7A4F7556}") = "OIDCSample", "src\OIDCSample\OIDCSample.csproj", "{B741B4EA-6FAE-427F-8650-376564FBEF96}"
EndProject
Project("{9A19103F-16F7-4668-BE54-9A1E7A4F7556}") = "OAuthSample", "src\OAuthSample\OAuthSample.csproj", "{E499FEE6-C9AD-4C2B-AEC1-502A509D4D5E}"
EndProject
Project("{9A19103F-16F7-4668-BE54-9A1E7A4F7556}") = "IdentityServerSample", "src\IdentityServerSample\IdentityServerSample.csproj", "{691319AB-BAA4-4454-9FF7-14436F8EEB3C}"
EndProject
Project("{9A19103F-16F7-4668-BE54-9A1E7A4F7556}") = "JwtBearerSample", "src\JwtBearerSample\JwtBearerSample.csproj", "{B2DF9019-9658-4EC3-9D67-5FC15F3B29C6}"
EndProject
Project("{9A19103F-16F7-4668-BE54-9A1E7A4F7556}") = "ConsoleClient", "src\ConsoleClient\ConsoleClient.csproj", "{65F732C5-5FFA-4032-8114-373FF67D9725}"
EndProject
Project("{2150E333-8FDC-42A3-9474-1A3956D46DE8}") = "test", "test", "{62A46794-5B2A-4A26-AFEC-DC1808ED397D}"
EndProject
Project("{2150E333-8FDC-42A3-9474-1A3956D46DE8}") = "Authentication", "Authentication", "{DAB21C84-A7A8-48D7-8EFE-DA1CA716B128}"
EndProject
Project("{2150E333-8FDC-42A3-9474-1A3956D46DE8}") = "Authorization", "Authorization", "{BA5F289F-120E-4E94-8E9A-35821E68E5F0}"
EndProject
Project("{9A19103F-16F7-4668-BE54-9A1E7A4F7556}") = "AuthorizationSample", "src\AuthorizationSample\AuthorizationSample.csproj", "{83AE702F-7EF4-4065-BCCB-E64B19309987}"
EndProject
Project("{2150E333-8FDC-42A3-9474-1A3956D46DE8}") = "Options", "Options", "{1D41D796-7530-4F0E-9789-E70524A1B46B}"
EndProject
Project("{9A19103F-16F7-4668-BE54-9A1E7A4F7556}") = "OptionsSample", "src\OptionsSample\OptionsSample.csproj", "{A7484CDF-24A7-4BFD-94CF-FEC798B91DE4}"
EndProject
Project("{2150E333-8FDC-42A3-9474-1A3956D46DE8}") = "Identity", "Identity", "{DAB21C84-A7A8-48D7-8EFE-DA1CA716B129}"
EndProject
Project("{9A19103F-16F7-4668-BE54-9A1E7A4F7556}") = "IdentitySample", "src\IdentitySample\IdentitySample.csproj", "{703A4626-2A72-493A-B03F-0133A8437EFA}"
EndProject
Project("{9A19103F-16F7-4668-BE54-9A1E7A4F7556}") = "IdentityServerIntegrationIdentity", "src\IdentityServerIntegrationIdentity\IdentityServerIntegrationIdentity.csproj", "{2445038B-1128-434E-8303-25E872B33E39}"
EndProject
Project("{2150E333-8FDC-42A3-9474-1A3956D46DE8}") = "Security", "Security", "{DAB21C84-A7A8-48D7-8EFE-DA1CA716B130}"
EndProject
Project("{2150E333-8FDC-42A3-9474-1A3956D46DE8}") = "SourceLink", "SourceLink", "{AAEECDDE-B805-454B-94DC-D60463758CBA}"
EndProject
Project("{9A19103F-16F7-4668-BE54-9A1E7A4F7556}") = "IdentityServer4", "SourceLink\IdentityServer4\IdentityServer4.csproj", "{D58F3E3A-BA2D-4F3E-8522-9DE5DDE2375F}"
EndProject
Global
	GlobalSection(SolutionConfigurationPlatforms) = preSolution
		Debug|Any CPU = Debug|Any CPU
		Release|Any CPU = Release|Any CPU
	EndGlobalSection
	GlobalSection(ProjectConfigurationPlatforms) = postSolution
		{3AC19A59-DDBD-4B2B-B97D-8A287CCC3176}.Debug|Any CPU.ActiveCfg = Debug|Any CPU
		{3AC19A59-DDBD-4B2B-B97D-8A287CCC3176}.Debug|Any CPU.Build.0 = Debug|Any CPU
		{3AC19A59-DDBD-4B2B-B97D-8A287CCC3176}.Release|Any CPU.ActiveCfg = Release|Any CPU
		{3AC19A59-DDBD-4B2B-B97D-8A287CCC3176}.Release|Any CPU.Build.0 = Release|Any CPU
		{B741B4EA-6FAE-427F-8650-376564FBEF96}.Debug|Any CPU.ActiveCfg = Debug|Any CPU
		{B741B4EA-6FAE-427F-8650-376564FBEF96}.Debug|Any CPU.Build.0 = Debug|Any CPU
		{B741B4EA-6FAE-427F-8650-376564FBEF96}.Release|Any CPU.ActiveCfg = Release|Any CPU
		{B741B4EA-6FAE-427F-8650-376564FBEF96}.Release|Any CPU.Build.0 = Release|Any CPU
		{E499FEE6-C9AD-4C2B-AEC1-502A509D4D5E}.Debug|Any CPU.ActiveCfg = Debug|Any CPU
		{E499FEE6-C9AD-4C2B-AEC1-502A509D4D5E}.Debug|Any CPU.Build.0 = Debug|Any CPU
		{E499FEE6-C9AD-4C2B-AEC1-502A509D4D5E}.Release|Any CPU.ActiveCfg = Release|Any CPU
		{E499FEE6-C9AD-4C2B-AEC1-502A509D4D5E}.Release|Any CPU.Build.0 = Release|Any CPU
		{691319AB-BAA4-4454-9FF7-14436F8EEB3C}.Debug|Any CPU.ActiveCfg = Debug|Any CPU
		{691319AB-BAA4-4454-9FF7-14436F8EEB3C}.Debug|Any CPU.Build.0 = Debug|Any CPU
		{691319AB-BAA4-4454-9FF7-14436F8EEB3C}.Release|Any CPU.ActiveCfg = Release|Any CPU
		{691319AB-BAA4-4454-9FF7-14436F8EEB3C}.Release|Any CPU.Build.0 = Release|Any CPU
		{B2DF9019-9658-4EC3-9D67-5FC15F3B29C6}.Debug|Any CPU.ActiveCfg = Debug|Any CPU
		{B2DF9019-9658-4EC3-9D67-5FC15F3B29C6}.Debug|Any CPU.Build.0 = Debug|Any CPU
		{B2DF9019-9658-4EC3-9D67-5FC15F3B29C6}.Release|Any CPU.ActiveCfg = Release|Any CPU
		{B2DF9019-9658-4EC3-9D67-5FC15F3B29C6}.Release|Any CPU.Build.0 = Release|Any CPU
		{65F732C5-5FFA-4032-8114-373FF67D9725}.Debug|Any CPU.ActiveCfg = Debug|Any CPU
		{65F732C5-5FFA-4032-8114-373FF67D9725}.Debug|Any CPU.Build.0 = Debug|Any CPU
		{65F732C5-5FFA-4032-8114-373FF67D9725}.Release|Any CPU.ActiveCfg = Release|Any CPU
		{65F732C5-5FFA-4032-8114-373FF67D9725}.Release|Any CPU.Build.0 = Release|Any CPU
		{83AE702F-7EF4-4065-BCCB-E64B19309987}.Debug|Any CPU.ActiveCfg = Debug|Any CPU
		{83AE702F-7EF4-4065-BCCB-E64B19309987}.Debug|Any CPU.Build.0 = Debug|Any CPU
		{83AE702F-7EF4-4065-BCCB-E64B19309987}.Release|Any CPU.ActiveCfg = Release|Any CPU
		{83AE702F-7EF4-4065-BCCB-E64B19309987}.Release|Any CPU.Build.0 = Release|Any CPU
		{A7484CDF-24A7-4BFD-94CF-FEC798B91DE4}.Debug|Any CPU.ActiveCfg = Debug|Any CPU
		{A7484CDF-24A7-4BFD-94CF-FEC798B91DE4}.Debug|Any CPU.Build.0 = Debug|Any CPU
		{A7484CDF-24A7-4BFD-94CF-FEC798B91DE4}.Release|Any CPU.ActiveCfg = Release|Any CPU
		{A7484CDF-24A7-4BFD-94CF-FEC798B91DE4}.Release|Any CPU.Build.0 = Release|Any CPU
		{703A4626-2A72-493A-B03F-0133A8437EFA}.Debug|Any CPU.ActiveCfg = Debug|Any CPU
		{703A4626-2A72-493A-B03F-0133A8437EFA}.Debug|Any CPU.Build.0 = Debug|Any CPU
		{703A4626-2A72-493A-B03F-0133A8437EFA}.Release|Any CPU.ActiveCfg = Release|Any CPU
		{703A4626-2A72-493A-B03F-0133A8437EFA}.Release|Any CPU.Build.0 = Release|Any CPU
		{2445038B-1128-434E-8303-25E872B33E39}.Debug|Any CPU.ActiveCfg = Debug|Any CPU
		{2445038B-1128-434E-8303-25E872B33E39}.Debug|Any CPU.Build.0 = Debug|Any CPU
		{2445038B-1128-434E-8303-25E872B33E39}.Release|Any CPU.ActiveCfg = Release|Any CPU
		{2445038B-1128-434E-8303-25E872B33E39}.Release|Any CPU.Build.0 = Release|Any CPU
		{D58F3E3A-BA2D-4F3E-8522-9DE5DDE2375F}.Debug|Any CPU.ActiveCfg = Debug|Any CPU
		{D58F3E3A-BA2D-4F3E-8522-9DE5DDE2375F}.Debug|Any CPU.Build.0 = Debug|Any CPU
		{D58F3E3A-BA2D-4F3E-8522-9DE5DDE2375F}.Release|Any CPU.ActiveCfg = Release|Any CPU
		{D58F3E3A-BA2D-4F3E-8522-9DE5DDE2375F}.Release|Any CPU.Build.0 = Release|Any CPU
	EndGlobalSection
	GlobalSection(SolutionProperties) = preSolution
		HideSolutionNode = FALSE
	EndGlobalSection
	GlobalSection(NestedProjects) = preSolution
		{3AC19A59-DDBD-4B2B-B97D-8A287CCC3176} = {DAB21C84-A7A8-48D7-8EFE-DA1CA716B128}
		{B741B4EA-6FAE-427F-8650-376564FBEF96} = {DAB21C84-A7A8-48D7-8EFE-DA1CA716B128}
		{E499FEE6-C9AD-4C2B-AEC1-502A509D4D5E} = {DAB21C84-A7A8-48D7-8EFE-DA1CA716B128}
		{691319AB-BAA4-4454-9FF7-14436F8EEB3C} = {DAB21C84-A7A8-48D7-8EFE-DA1CA716B129}
		{B2DF9019-9658-4EC3-9D67-5FC15F3B29C6} = {DAB21C84-A7A8-48D7-8EFE-DA1CA716B128}
		{65F732C5-5FFA-4032-8114-373FF67D9725} = {62A46794-5B2A-4A26-AFEC-DC1808ED397D}
		{DAB21C84-A7A8-48D7-8EFE-DA1CA716B128} = {DAB21C84-A7A8-48D7-8EFE-DA1CA716B130}
		{BA5F289F-120E-4E94-8E9A-35821E68E5F0} = {DAB21C84-A7A8-48D7-8EFE-DA1CA716B130}
		{83AE702F-7EF4-4065-BCCB-E64B19309987} = {BA5F289F-120E-4E94-8E9A-35821E68E5F0}
		{1D41D796-7530-4F0E-9789-E70524A1B46B} = {95394AEA-085A-4A55-B4CA-3C1C07D9B787}
		{A7484CDF-24A7-4BFD-94CF-FEC798B91DE4} = {1D41D796-7530-4F0E-9789-E70524A1B46B}
		{DAB21C84-A7A8-48D7-8EFE-DA1CA716B129} = {95394AEA-085A-4A55-B4CA-3C1C07D9B787}
		{703A4626-2A72-493A-B03F-0133A8437EFA} = {DAB21C84-A7A8-48D7-8EFE-DA1CA716B129}
		{2445038B-1128-434E-8303-25E872B33E39} = {DAB21C84-A7A8-48D7-8EFE-DA1CA716B129}
		{DAB21C84-A7A8-48D7-8EFE-DA1CA716B130} = {95394AEA-085A-4A55-B4CA-3C1C07D9B787}
		{D58F3E3A-BA2D-4F3E-8522-9DE5DDE2375F} = {AAEECDDE-B805-454B-94DC-D60463758CBA}
	EndGlobalSection
	GlobalSection(ExtensibilityGlobals) = postSolution
		SolutionGuid = {8D0A0329-7F31-453F-807D-FED2262A86C4}
	EndGlobalSection
EndGlobal
