
Microsoft Visual Studio Solution File, Format Version 12.00
# Visual Studio Version 16
VisualStudioVersion = 16.0.28315.86
MinimumVisualStudioVersion = 10.0.40219.1
Project("{2150E333-8FDC-42A3-9474-1A3956D46DE8}") = "Authentication", "Authentication", "{DAB21C84-A7A8-48D7-8EFE-DA1CA716B128}"
EndProject
Project("{2150E333-8FDC-42A3-9474-1A3956D46DE8}") = "Authorization", "Authorization", "{BA5F289F-120E-4E94-8E9A-35821E68E5F0}"
EndProject
Project("{2150E333-8FDC-42A3-9474-1A3956D46DE8}") = "Options", "Options", "{1D41D796-7530-4F0E-9789-E70524A1B46B}"
EndProject
Project("{2150E333-8FDC-42A3-9474-1A3956D46DE8}") = "Identity", "Identity", "{DAB21C84-A7A8-48D7-8EFE-DA1CA716B129}"
EndProject
Project("{2150E333-8FDC-42A3-9474-1A3956D46DE8}") = "Security", "Security", "{DAB21C84-A7A8-48D7-8EFE-DA1CA716B130}"
EndProject
Project("{2150E333-8FDC-42A3-9474-1A3956D46DE8}") = "Microservice", "Microservice", "{EBB1675B-C719-4F25-8D87-59001D0621B9}"
EndProject
Project("{2150E333-8FDC-42A3-9474-1A3956D46DE8}") = "Functional", "Functional", "{555A92B6-C6AA-41BF-A04B-D3D4A28A067F}"
EndProject
Project("{2150E333-8FDC-42A3-9474-1A3956D46DE8}") = "Consul", "Consul", "{F4FBE0E2-B56F-4619-B9B5-AF51F3C251CA}"
EndProject
Project("{9A19103F-16F7-4668-BE54-9A1E7A4F7556}") = "ClientDemo", "src\Microservice\ServiceDiscovery\ConsulDemo\src\ClientDemo\ClientDemo.csproj", "{AA8DA55D-172E-4F78-883E-0574674F8E64}"
EndProject
Project("{9A19103F-16F7-4668-BE54-9A1E7A4F7556}") = "ServiceA", "src\Microservice\ServiceDiscovery\ConsulDemo\src\ServiceA\ServiceA.csproj", "{F128FD30-A24C-4422-9D45-FB2AD5E5BB35}"
EndProject
Project("{9A19103F-16F7-4668-BE54-9A1E7A4F7556}") = "ServiceB", "src\Microservice\ServiceDiscovery\ConsulDemo\src\ServiceB\ServiceB.csproj", "{07B8B13F-959D-4FEC-8D6B-C8B3D02F7D3C}"
EndProject
Project("{9A19103F-16F7-4668-BE54-9A1E7A4F7556}") = "AuthorizationSample", "src\Functional\Authorization\AuthorizationSample\AuthorizationSample.csproj", "{418C6D73-6FC9-4C8E-B9E9-DE4BA1023988}"
EndProject
Project("{9A19103F-16F7-4668-BE54-9A1E7A4F7556}") = "CookieSample", "src\Functional\Authentication\CookieSample\CookieSample.csproj", "{4CCB0E33-66D6-49DA-8E22-04FF656A9C06}"
EndProject
Project("{9A19103F-16F7-4668-BE54-9A1E7A4F7556}") = "JwtBearerSample", "src\Functional\Authentication\JwtBearerSample\JwtBearerSample.csproj", "{98678AE7-A695-4D5B-9C9B-1FA48DC44B77}"
EndProject
Project("{9A19103F-16F7-4668-BE54-9A1E7A4F7556}") = "OAuthSample", "src\Functional\Authentication\OAuthSample\OAuthSample.csproj", "{AA734CC4-B30B-48F4-80BA-61D5EB7A1DB2}"
EndProject
Project("{9A19103F-16F7-4668-BE54-9A1E7A4F7556}") = "OIDCSample", "src\Functional\Authentication\OIDCSample\OIDCSample.csproj", "{3AFF1DF1-E2E0-4163-A59E-4FBF22982BDB}"
EndProject
Project("{9A19103F-16F7-4668-BE54-9A1E7A4F7556}") = "OptionsSample", "src\Functional\Options\OptionsSample\OptionsSample.csproj", "{FF98F943-C44F-4158-8AB9-100F3E3CD407}"
EndProject
Project("{9A19103F-16F7-4668-BE54-9A1E7A4F7556}") = "IdentityServerIntegrationIdentity", "src\Functional\Identity\IdentityServerIntegrationIdentity\IdentityServerIntegrationIdentity.csproj", "{DB8E9B83-F767-41E2-A69E-CA2C025BC38A}"
EndProject
Project("{9A19103F-16F7-4668-BE54-9A1E7A4F7556}") = "IdentityServerSample", "src\Functional\Identity\IdentityServerSample\IdentityServerSample.csproj", "{3A03A13E-3701-4891-8ACA-F335B6634C6F}"
EndProject
Project("{2150E333-8FDC-42A3-9474-1A3956D46DE8}") = "ServiceDiscovery", "ServiceDiscovery", "{3D3F068F-F43F-4FA9-B658-00584439FD06}"
EndProject
Project("{9A19103F-16F7-4668-BE54-9A1E7A4F7556}") = "IdentitySample", "src\Functional\Identity\IdentitySample\IdentitySample.csproj", "{DFC5ED0B-9CD4-47A9-82B5-B8AD62AEFA5F}"
EndProject
Project("{2150E333-8FDC-42A3-9474-1A3956D46DE8}") = "CircuitBreaker", "CircuitBreaker", "{44B4F4F0-8995-4250-8828-6B9A5A577476}"
EndProject
Project("{2150E333-8FDC-42A3-9474-1A3956D46DE8}") = "Polly", "Polly", "{3D8EA4C9-6E54-4B8F-AD33-775FAC4185AC}"
EndProject
Project("{9A19103F-16F7-4668-BE54-9A1E7A4F7556}") = "PollyDemo", "src\Microservice\CircuitBreaker\PollyDemo\src\PollyDemo\PollyDemo.csproj", "{1A3FACCB-6429-4E81-AE25-59ADE756E9FE}"
EndProject
Global
	GlobalSection(SolutionConfigurationPlatforms) = preSolution
		Debug|Any CPU = Debug|Any CPU
		Release|Any CPU = Release|Any CPU
	EndGlobalSection
	GlobalSection(ProjectConfigurationPlatforms) = postSolution
		{AA8DA55D-172E-4F78-883E-0574674F8E64}.Debug|Any CPU.ActiveCfg = Debug|Any CPU
		{AA8DA55D-172E-4F78-883E-0574674F8E64}.Debug|Any CPU.Build.0 = Debug|Any CPU
		{AA8DA55D-172E-4F78-883E-0574674F8E64}.Release|Any CPU.ActiveCfg = Release|Any CPU
		{AA8DA55D-172E-4F78-883E-0574674F8E64}.Release|Any CPU.Build.0 = Release|Any CPU
		{F128FD30-A24C-4422-9D45-FB2AD5E5BB35}.Debug|Any CPU.ActiveCfg = Debug|Any CPU
		{F128FD30-A24C-4422-9D45-FB2AD5E5BB35}.Debug|Any CPU.Build.0 = Debug|Any CPU
		{F128FD30-A24C-4422-9D45-FB2AD5E5BB35}.Release|Any CPU.ActiveCfg = Release|Any CPU
		{F128FD30-A24C-4422-9D45-FB2AD5E5BB35}.Release|Any CPU.Build.0 = Release|Any CPU
		{07B8B13F-959D-4FEC-8D6B-C8B3D02F7D3C}.Debug|Any CPU.ActiveCfg = Debug|Any CPU
		{07B8B13F-959D-4FEC-8D6B-C8B3D02F7D3C}.Debug|Any CPU.Build.0 = Debug|Any CPU
		{07B8B13F-959D-4FEC-8D6B-C8B3D02F7D3C}.Release|Any CPU.ActiveCfg = Release|Any CPU
		{07B8B13F-959D-4FEC-8D6B-C8B3D02F7D3C}.Release|Any CPU.Build.0 = Release|Any CPU
		{418C6D73-6FC9-4C8E-B9E9-DE4BA1023988}.Debug|Any CPU.ActiveCfg = Debug|Any CPU
		{418C6D73-6FC9-4C8E-B9E9-DE4BA1023988}.Debug|Any CPU.Build.0 = Debug|Any CPU
		{418C6D73-6FC9-4C8E-B9E9-DE4BA1023988}.Release|Any CPU.ActiveCfg = Release|Any CPU
		{418C6D73-6FC9-4C8E-B9E9-DE4BA1023988}.Release|Any CPU.Build.0 = Release|Any CPU
		{4CCB0E33-66D6-49DA-8E22-04FF656A9C06}.Debug|Any CPU.ActiveCfg = Debug|Any CPU
		{4CCB0E33-66D6-49DA-8E22-04FF656A9C06}.Debug|Any CPU.Build.0 = Debug|Any CPU
		{4CCB0E33-66D6-49DA-8E22-04FF656A9C06}.Release|Any CPU.ActiveCfg = Release|Any CPU
		{4CCB0E33-66D6-49DA-8E22-04FF656A9C06}.Release|Any CPU.Build.0 = Release|Any CPU
		{98678AE7-A695-4D5B-9C9B-1FA48DC44B77}.Debug|Any CPU.ActiveCfg = Debug|Any CPU
		{98678AE7-A695-4D5B-9C9B-1FA48DC44B77}.Debug|Any CPU.Build.0 = Debug|Any CPU
		{98678AE7-A695-4D5B-9C9B-1FA48DC44B77}.Release|Any CPU.ActiveCfg = Release|Any CPU
		{98678AE7-A695-4D5B-9C9B-1FA48DC44B77}.Release|Any CPU.Build.0 = Release|Any CPU
		{AA734CC4-B30B-48F4-80BA-61D5EB7A1DB2}.Debug|Any CPU.ActiveCfg = Debug|Any CPU
		{AA734CC4-B30B-48F4-80BA-61D5EB7A1DB2}.Debug|Any CPU.Build.0 = Debug|Any CPU
		{AA734CC4-B30B-48F4-80BA-61D5EB7A1DB2}.Release|Any CPU.ActiveCfg = Release|Any CPU
		{AA734CC4-B30B-48F4-80BA-61D5EB7A1DB2}.Release|Any CPU.Build.0 = Release|Any CPU
		{3AFF1DF1-E2E0-4163-A59E-4FBF22982BDB}.Debug|Any CPU.ActiveCfg = Debug|Any CPU
		{3AFF1DF1-E2E0-4163-A59E-4FBF22982BDB}.Debug|Any CPU.Build.0 = Debug|Any CPU
		{3AFF1DF1-E2E0-4163-A59E-4FBF22982BDB}.Release|Any CPU.ActiveCfg = Release|Any CPU
		{3AFF1DF1-E2E0-4163-A59E-4FBF22982BDB}.Release|Any CPU.Build.0 = Release|Any CPU
		{FF98F943-C44F-4158-8AB9-100F3E3CD407}.Debug|Any CPU.ActiveCfg = Debug|Any CPU
		{FF98F943-C44F-4158-8AB9-100F3E3CD407}.Debug|Any CPU.Build.0 = Debug|Any CPU
		{FF98F943-C44F-4158-8AB9-100F3E3CD407}.Release|Any CPU.ActiveCfg = Release|Any CPU
		{FF98F943-C44F-4158-8AB9-100F3E3CD407}.Release|Any CPU.Build.0 = Release|Any CPU
		{DB8E9B83-F767-41E2-A69E-CA2C025BC38A}.Debug|Any CPU.ActiveCfg = Debug|Any CPU
		{DB8E9B83-F767-41E2-A69E-CA2C025BC38A}.Debug|Any CPU.Build.0 = Debug|Any CPU
		{DB8E9B83-F767-41E2-A69E-CA2C025BC38A}.Release|Any CPU.ActiveCfg = Release|Any CPU
		{DB8E9B83-F767-41E2-A69E-CA2C025BC38A}.Release|Any CPU.Build.0 = Release|Any CPU
		{3A03A13E-3701-4891-8ACA-F335B6634C6F}.Debug|Any CPU.ActiveCfg = Debug|Any CPU
		{3A03A13E-3701-4891-8ACA-F335B6634C6F}.Debug|Any CPU.Build.0 = Debug|Any CPU
		{3A03A13E-3701-4891-8ACA-F335B6634C6F}.Release|Any CPU.ActiveCfg = Release|Any CPU
		{3A03A13E-3701-4891-8ACA-F335B6634C6F}.Release|Any CPU.Build.0 = Release|Any CPU
		{DFC5ED0B-9CD4-47A9-82B5-B8AD62AEFA5F}.Debug|Any CPU.ActiveCfg = Debug|Any CPU
		{DFC5ED0B-9CD4-47A9-82B5-B8AD62AEFA5F}.Debug|Any CPU.Build.0 = Debug|Any CPU
		{DFC5ED0B-9CD4-47A9-82B5-B8AD62AEFA5F}.Release|Any CPU.ActiveCfg = Release|Any CPU
		{DFC5ED0B-9CD4-47A9-82B5-B8AD62AEFA5F}.Release|Any CPU.Build.0 = Release|Any CPU
		{1A3FACCB-6429-4E81-AE25-59ADE756E9FE}.Debug|Any CPU.ActiveCfg = Debug|Any CPU
		{1A3FACCB-6429-4E81-AE25-59ADE756E9FE}.Debug|Any CPU.Build.0 = Debug|Any CPU
		{1A3FACCB-6429-4E81-AE25-59ADE756E9FE}.Release|Any CPU.ActiveCfg = Release|Any CPU
		{1A3FACCB-6429-4E81-AE25-59ADE756E9FE}.Release|Any CPU.Build.0 = Release|Any CPU
	EndGlobalSection
	GlobalSection(SolutionProperties) = preSolution
		HideSolutionNode = FALSE
	EndGlobalSection
	GlobalSection(NestedProjects) = preSolution
		{DAB21C84-A7A8-48D7-8EFE-DA1CA716B128} = {DAB21C84-A7A8-48D7-8EFE-DA1CA716B130}
		{BA5F289F-120E-4E94-8E9A-35821E68E5F0} = {DAB21C84-A7A8-48D7-8EFE-DA1CA716B130}
		{1D41D796-7530-4F0E-9789-E70524A1B46B} = {555A92B6-C6AA-41BF-A04B-D3D4A28A067F}
		{DAB21C84-A7A8-48D7-8EFE-DA1CA716B129} = {555A92B6-C6AA-41BF-A04B-D3D4A28A067F}
		{DAB21C84-A7A8-48D7-8EFE-DA1CA716B130} = {555A92B6-C6AA-41BF-A04B-D3D4A28A067F}
		{F4FBE0E2-B56F-4619-B9B5-AF51F3C251CA} = {3D3F068F-F43F-4FA9-B658-00584439FD06}
		{AA8DA55D-172E-4F78-883E-0574674F8E64} = {F4FBE0E2-B56F-4619-B9B5-AF51F3C251CA}
		{F128FD30-A24C-4422-9D45-FB2AD5E5BB35} = {F4FBE0E2-B56F-4619-B9B5-AF51F3C251CA}
		{07B8B13F-959D-4FEC-8D6B-C8B3D02F7D3C} = {F4FBE0E2-B56F-4619-B9B5-AF51F3C251CA}
		{418C6D73-6FC9-4C8E-B9E9-DE4BA1023988} = {BA5F289F-120E-4E94-8E9A-35821E68E5F0}
		{4CCB0E33-66D6-49DA-8E22-04FF656A9C06} = {DAB21C84-A7A8-48D7-8EFE-DA1CA716B128}
		{98678AE7-A695-4D5B-9C9B-1FA48DC44B77} = {DAB21C84-A7A8-48D7-8EFE-DA1CA716B128}
		{AA734CC4-B30B-48F4-80BA-61D5EB7A1DB2} = {DAB21C84-A7A8-48D7-8EFE-DA1CA716B128}
		{3AFF1DF1-E2E0-4163-A59E-4FBF22982BDB} = {DAB21C84-A7A8-48D7-8EFE-DA1CA716B128}
		{FF98F943-C44F-4158-8AB9-100F3E3CD407} = {1D41D796-7530-4F0E-9789-E70524A1B46B}
		{DB8E9B83-F767-41E2-A69E-CA2C025BC38A} = {DAB21C84-A7A8-48D7-8EFE-DA1CA716B129}
		{3A03A13E-3701-4891-8ACA-F335B6634C6F} = {DAB21C84-A7A8-48D7-8EFE-DA1CA716B129}
		{3D3F068F-F43F-4FA9-B658-00584439FD06} = {EBB1675B-C719-4F25-8D87-59001D0621B9}
		{DFC5ED0B-9CD4-47A9-82B5-B8AD62AEFA5F} = {DAB21C84-A7A8-48D7-8EFE-DA1CA716B129}
		{44B4F4F0-8995-4250-8828-6B9A5A577476} = {EBB1675B-C719-4F25-8D87-59001D0621B9}
		{3D8EA4C9-6E54-4B8F-AD33-775FAC4185AC} = {44B4F4F0-8995-4250-8828-6B9A5A577476}
		{1A3FACCB-6429-4E81-AE25-59ADE756E9FE} = {3D8EA4C9-6E54-4B8F-AD33-775FAC4185AC}
	EndGlobalSection
	GlobalSection(ExtensibilityGlobals) = postSolution
		SolutionGuid = {8D0A0329-7F31-453F-807D-FED2262A86C4}
	EndGlobalSection
EndGlobal
