
Microsoft Visual Studio Solution File, Format Version 12.00
# Visual Studio Version 16
VisualStudioVersion = 16.0.28407.52
MinimumVisualStudioVersion = 10.0.40219.1
Project("{2150E333-8FDC-42A3-9474-1A3956D46DE8}") = "Authentication", "Authentication", "{EF645CA5-A5E9-4178-8E4A-BBB858D8EF79}"
EndProject
Project("{9A19103F-16F7-4668-BE54-9A1E7A4F7556}") = "CookieSample", "Authentication\CookieSample\CookieSample.csproj", "{C1C7376B-C9C4-44E3-A16E-9FC58C658D4B}"
EndProject
Project("{9A19103F-16F7-4668-BE54-9A1E7A4F7556}") = "JwtBearerSample", "Authentication\JwtBearerSample\JwtBearerSample.csproj", "{B54DB8D4-EF89-4D0C-8005-CB32E58AC36C}"
EndProject
Project("{9A19103F-16F7-4668-BE54-9A1E7A4F7556}") = "OAuthSample", "Authentication\OAuthSample\OAuthSample.csproj", "{5C498038-7924-4A1C-BA6D-3486E442F94E}"
EndProject
Project("{9A19103F-16F7-4668-BE54-9A1E7A4F7556}") = "OIDCSample", "Authentication\OIDCSample\OIDCSample.csproj", "{2AFE237F-8868-4068-95C9-57709495BAAD}"
EndProject
Project("{2150E333-8FDC-42A3-9474-1A3956D46DE8}") = "Authorization", "Authorization", "{B3CA452E-6655-43D7-BE84-7D3ED3D278F8}"
EndProject
Project("{9A19103F-16F7-4668-BE54-9A1E7A4F7556}") = "AuthorizationSample", "Authorization\AuthorizationSample\AuthorizationSample.csproj", "{AF6360B0-007B-40DC-ACEB-0FE8BE53DDE6}"
EndProject
Project("{2150E333-8FDC-42A3-9474-1A3956D46DE8}") = "Identity", "Identity", "{2365E5B6-7568-4B88-B7D0-571046657132}"
EndProject
Project("{9A19103F-16F7-4668-BE54-9A1E7A4F7556}") = "IdentitySample", "Identity\IdentitySample\IdentitySample.csproj", "{66BC4ECB-C1C6-4169-847E-B98D01C52FCB}"
EndProject
Project("{9A19103F-16F7-4668-BE54-9A1E7A4F7556}") = "IdentityServerIntegrationIdentity", "Identity\IdentityServerIntegrationIdentity\IdentityServerIntegrationIdentity.csproj", "{09C9CD5C-CA3F-4818-B548-96FDE6ED2AE6}"
EndProject
Project("{9A19103F-16F7-4668-BE54-9A1E7A4F7556}") = "IdentityServerSample", "Identity\IdentityServerSample\IdentityServerSample.csproj", "{65E7D980-77DD-438D-90F9-620373137718}"
EndProject
Project("{2150E333-8FDC-42A3-9474-1A3956D46DE8}") = "Options", "Options", "{56495A2C-7E70-4308-8026-F8D9DD2261A0}"
EndProject
Project("{9A19103F-16F7-4668-BE54-9A1E7A4F7556}") = "OptionsSample", "Options\OptionsSample\OptionsSample.csproj", "{CAA2E94F-B273-40D8-B501-039CD636BD3F}"
EndProject
Project("{2150E333-8FDC-42A3-9474-1A3956D46DE8}") = "src", "src", "{1D69336A-0A5F-432B-8E2E-CBC5DEEA38D0}"
EndProject
Project("{2150E333-8FDC-42A3-9474-1A3956D46DE8}") = "test", "test", "{5E9D2E34-1EC0-4085-A1B1-8F7F725E2D20}"
EndProject
Project("{9A19103F-16F7-4668-BE54-9A1E7A4F7556}") = "ConsoleClient", "..\..\test\ConsoleClient\ConsoleClient.csproj", "{7515294A-2FE8-4ADC-85E4-8D5D2F475CAB}"
EndProject
Global
	GlobalSection(SolutionConfigurationPlatforms) = preSolution
		Debug|Any CPU = Debug|Any CPU
		Release|Any CPU = Release|Any CPU
	EndGlobalSection
	GlobalSection(ProjectConfigurationPlatforms) = postSolution
		{C1C7376B-C9C4-44E3-A16E-9FC58C658D4B}.Debug|Any CPU.ActiveCfg = Debug|Any CPU
		{C1C7376B-C9C4-44E3-A16E-9FC58C658D4B}.Debug|Any CPU.Build.0 = Debug|Any CPU
		{C1C7376B-C9C4-44E3-A16E-9FC58C658D4B}.Release|Any CPU.ActiveCfg = Release|Any CPU
		{C1C7376B-C9C4-44E3-A16E-9FC58C658D4B}.Release|Any CPU.Build.0 = Release|Any CPU
		{B54DB8D4-EF89-4D0C-8005-CB32E58AC36C}.Debug|Any CPU.ActiveCfg = Debug|Any CPU
		{B54DB8D4-EF89-4D0C-8005-CB32E58AC36C}.Debug|Any CPU.Build.0 = Debug|Any CPU
		{B54DB8D4-EF89-4D0C-8005-CB32E58AC36C}.Release|Any CPU.ActiveCfg = Release|Any CPU
		{B54DB8D4-EF89-4D0C-8005-CB32E58AC36C}.Release|Any CPU.Build.0 = Release|Any CPU
		{5C498038-7924-4A1C-BA6D-3486E442F94E}.Debug|Any CPU.ActiveCfg = Debug|Any CPU
		{5C498038-7924-4A1C-BA6D-3486E442F94E}.Debug|Any CPU.Build.0 = Debug|Any CPU
		{5C498038-7924-4A1C-BA6D-3486E442F94E}.Release|Any CPU.ActiveCfg = Release|Any CPU
		{5C498038-7924-4A1C-BA6D-3486E442F94E}.Release|Any CPU.Build.0 = Release|Any CPU
		{2AFE237F-8868-4068-95C9-57709495BAAD}.Debug|Any CPU.ActiveCfg = Debug|Any CPU
		{2AFE237F-8868-4068-95C9-57709495BAAD}.Debug|Any CPU.Build.0 = Debug|Any CPU
		{2AFE237F-8868-4068-95C9-57709495BAAD}.Release|Any CPU.ActiveCfg = Release|Any CPU
		{2AFE237F-8868-4068-95C9-57709495BAAD}.Release|Any CPU.Build.0 = Release|Any CPU
		{AF6360B0-007B-40DC-ACEB-0FE8BE53DDE6}.Debug|Any CPU.ActiveCfg = Debug|Any CPU
		{AF6360B0-007B-40DC-ACEB-0FE8BE53DDE6}.Debug|Any CPU.Build.0 = Debug|Any CPU
		{AF6360B0-007B-40DC-ACEB-0FE8BE53DDE6}.Release|Any CPU.ActiveCfg = Release|Any CPU
		{AF6360B0-007B-40DC-ACEB-0FE8BE53DDE6}.Release|Any CPU.Build.0 = Release|Any CPU
		{66BC4ECB-C1C6-4169-847E-B98D01C52FCB}.Debug|Any CPU.ActiveCfg = Debug|Any CPU
		{66BC4ECB-C1C6-4169-847E-B98D01C52FCB}.Debug|Any CPU.Build.0 = Debug|Any CPU
		{66BC4ECB-C1C6-4169-847E-B98D01C52FCB}.Release|Any CPU.ActiveCfg = Release|Any CPU
		{66BC4ECB-C1C6-4169-847E-B98D01C52FCB}.Release|Any CPU.Build.0 = Release|Any CPU
		{09C9CD5C-CA3F-4818-B548-96FDE6ED2AE6}.Debug|Any CPU.ActiveCfg = Debug|Any CPU
		{09C9CD5C-CA3F-4818-B548-96FDE6ED2AE6}.Debug|Any CPU.Build.0 = Debug|Any CPU
		{09C9CD5C-CA3F-4818-B548-96FDE6ED2AE6}.Release|Any CPU.ActiveCfg = Release|Any CPU
		{09C9CD5C-CA3F-4818-B548-96FDE6ED2AE6}.Release|Any CPU.Build.0 = Release|Any CPU
		{65E7D980-77DD-438D-90F9-620373137718}.Debug|Any CPU.ActiveCfg = Debug|Any CPU
		{65E7D980-77DD-438D-90F9-620373137718}.Debug|Any CPU.Build.0 = Debug|Any CPU
		{65E7D980-77DD-438D-90F9-620373137718}.Release|Any CPU.ActiveCfg = Release|Any CPU
		{65E7D980-77DD-438D-90F9-620373137718}.Release|Any CPU.Build.0 = Release|Any CPU
		{CAA2E94F-B273-40D8-B501-039CD636BD3F}.Debug|Any CPU.ActiveCfg = Debug|Any CPU
		{CAA2E94F-B273-40D8-B501-039CD636BD3F}.Debug|Any CPU.Build.0 = Debug|Any CPU
		{CAA2E94F-B273-40D8-B501-039CD636BD3F}.Release|Any CPU.ActiveCfg = Release|Any CPU
		{CAA2E94F-B273-40D8-B501-039CD636BD3F}.Release|Any CPU.Build.0 = Release|Any CPU
		{7515294A-2FE8-4ADC-85E4-8D5D2F475CAB}.Debug|Any CPU.ActiveCfg = Debug|Any CPU
		{7515294A-2FE8-4ADC-85E4-8D5D2F475CAB}.Debug|Any CPU.Build.0 = Debug|Any CPU
		{7515294A-2FE8-4ADC-85E4-8D5D2F475CAB}.Release|Any CPU.ActiveCfg = Release|Any CPU
		{7515294A-2FE8-4ADC-85E4-8D5D2F475CAB}.Release|Any CPU.Build.0 = Release|Any CPU
	EndGlobalSection
	GlobalSection(SolutionProperties) = preSolution
		HideSolutionNode = FALSE
	EndGlobalSection
	GlobalSection(NestedProjects) = preSolution
		{EF645CA5-A5E9-4178-8E4A-BBB858D8EF79} = {1D69336A-0A5F-432B-8E2E-CBC5DEEA38D0}
		{C1C7376B-C9C4-44E3-A16E-9FC58C658D4B} = {EF645CA5-A5E9-4178-8E4A-BBB858D8EF79}
		{B54DB8D4-EF89-4D0C-8005-CB32E58AC36C} = {EF645CA5-A5E9-4178-8E4A-BBB858D8EF79}
		{5C498038-7924-4A1C-BA6D-3486E442F94E} = {EF645CA5-A5E9-4178-8E4A-BBB858D8EF79}
		{2AFE237F-8868-4068-95C9-57709495BAAD} = {EF645CA5-A5E9-4178-8E4A-BBB858D8EF79}
		{B3CA452E-6655-43D7-BE84-7D3ED3D278F8} = {1D69336A-0A5F-432B-8E2E-CBC5DEEA38D0}
		{AF6360B0-007B-40DC-ACEB-0FE8BE53DDE6} = {B3CA452E-6655-43D7-BE84-7D3ED3D278F8}
		{2365E5B6-7568-4B88-B7D0-571046657132} = {1D69336A-0A5F-432B-8E2E-CBC5DEEA38D0}
		{66BC4ECB-C1C6-4169-847E-B98D01C52FCB} = {2365E5B6-7568-4B88-B7D0-571046657132}
		{09C9CD5C-CA3F-4818-B548-96FDE6ED2AE6} = {2365E5B6-7568-4B88-B7D0-571046657132}
		{65E7D980-77DD-438D-90F9-620373137718} = {2365E5B6-7568-4B88-B7D0-571046657132}
		{56495A2C-7E70-4308-8026-F8D9DD2261A0} = {1D69336A-0A5F-432B-8E2E-CBC5DEEA38D0}
		{CAA2E94F-B273-40D8-B501-039CD636BD3F} = {56495A2C-7E70-4308-8026-F8D9DD2261A0}
		{7515294A-2FE8-4ADC-85E4-8D5D2F475CAB} = {5E9D2E34-1EC0-4085-A1B1-8F7F725E2D20}
	EndGlobalSection
	GlobalSection(ExtensibilityGlobals) = postSolution
		SolutionGuid = {AE0B6F2D-C6E7-4FBF-AD98-580C0A9E10D9}
	EndGlobalSection
EndGlobal
