
Microsoft Visual Studio Solution File, Format Version 12.00
# Visual Studio Version 16
VisualStudioVersion = 16.0.28315.86
MinimumVisualStudioVersion = 10.0.40219.1
Project("{9A19103F-16F7-4668-BE54-9A1E7A4F7556}") = "ServiceA", "src\ServiceA\ServiceA.csproj", "{FD1506DC-F106-4700-87A1-A012D0C6056F}"
EndProject
Project("{9A19103F-16F7-4668-BE54-9A1E7A4F7556}") = "ServiceB", "src\ServiceB\ServiceB.csproj", "{68B19C2F-BC03-4C78-A4E6-0ACFD9AD4010}"
EndProject
Project("{2150E333-8FDC-42A3-9474-1A3956D46DE8}") = "Solution Items", "Solution Items", "{2D8AC087-63DC-4569-9B19-E20D323463C6}"
	ProjectSection(SolutionItems) = preProject
		BuildAndRun.ps1 = BuildAndRun.ps1
		BuildAndRun.sh = BuildAndRun.sh
		Readme.md = Readme.md
	EndProjectSection
EndProject
Project("{9A19103F-16F7-4668-BE54-9A1E7A4F7556}") = "ClientDemo", "src\ClientDemo\ClientDemo.csproj", "{95EF4EBC-3989-4DF0-A920-D99263677FCE}"
EndProject
Project("{2150E333-8FDC-42A3-9474-1A3956D46DE8}") = "src", "src", "{8BB43850-F9D9-4C12-AC5D-839D19CA7733}"
EndProject
Global
	GlobalSection(SolutionConfigurationPlatforms) = preSolution
		Debug|Any CPU = Debug|Any CPU
		Release|Any CPU = Release|Any CPU
	EndGlobalSection
	GlobalSection(ProjectConfigurationPlatforms) = postSolution
		{FD1506DC-F106-4700-87A1-A012D0C6056F}.Debug|Any CPU.ActiveCfg = Debug|Any CPU
		{FD1506DC-F106-4700-87A1-A012D0C6056F}.Debug|Any CPU.Build.0 = Debug|Any CPU
		{FD1506DC-F106-4700-87A1-A012D0C6056F}.Release|Any CPU.ActiveCfg = Release|Any CPU
		{FD1506DC-F106-4700-87A1-A012D0C6056F}.Release|Any CPU.Build.0 = Release|Any CPU
		{68B19C2F-BC03-4C78-A4E6-0ACFD9AD4010}.Debug|Any CPU.ActiveCfg = Debug|Any CPU
		{68B19C2F-BC03-4C78-A4E6-0ACFD9AD4010}.Debug|Any CPU.Build.0 = Debug|Any CPU
		{68B19C2F-BC03-4C78-A4E6-0ACFD9AD4010}.Release|Any CPU.ActiveCfg = Release|Any CPU
		{68B19C2F-BC03-4C78-A4E6-0ACFD9AD4010}.Release|Any CPU.Build.0 = Release|Any CPU
		{95EF4EBC-3989-4DF0-A920-D99263677FCE}.Debug|Any CPU.ActiveCfg = Debug|Any CPU
		{95EF4EBC-3989-4DF0-A920-D99263677FCE}.Debug|Any CPU.Build.0 = Debug|Any CPU
		{95EF4EBC-3989-4DF0-A920-D99263677FCE}.Release|Any CPU.ActiveCfg = Release|Any CPU
		{95EF4EBC-3989-4DF0-A920-D99263677FCE}.Release|Any CPU.Build.0 = Release|Any CPU
	EndGlobalSection
	GlobalSection(SolutionProperties) = preSolution
		HideSolutionNode = FALSE
	EndGlobalSection
	GlobalSection(NestedProjects) = preSolution
		{FD1506DC-F106-4700-87A1-A012D0C6056F} = {8BB43850-F9D9-4C12-AC5D-839D19CA7733}
		{68B19C2F-BC03-4C78-A4E6-0ACFD9AD4010} = {8BB43850-F9D9-4C12-AC5D-839D19CA7733}
		{95EF4EBC-3989-4DF0-A920-D99263677FCE} = {8BB43850-F9D9-4C12-AC5D-839D19CA7733}
	EndGlobalSection
	GlobalSection(ExtensibilityGlobals) = postSolution
		SolutionGuid = {E9B3D063-DF01-416E-A3B6-983C38B30764}
	EndGlobalSection
EndGlobal
